
Microsoft Visual Studio Solution File, Format Version 12.00
# Visual Studio Version 17
VisualStudioVersion = 17.5.33502.453
MinimumVisualStudioVersion = 10.0.40219.1
Project("{888888A0-9F3D-457C-B088-3A5042F75D52}") = "TwoDimentionalArray", "TwoDimentionalArray.pyproj", "{4D704615-7979-4A19-ACA7-75350A82C074}"
EndProject
Global
	GlobalSection(SolutionConfigurationPlatforms) = preSolution
		Debug|Any CPU = Debug|Any CPU
		Release|Any CPU = Release|Any CPU
	EndGlobalSection
	GlobalSection(ProjectConfigurationPlatforms) = postSolution
		{4D704615-7979-4A19-ACA7-75350A82C074}.Debug|Any CPU.ActiveCfg = Debug|Any CPU
		{4D704615-7979-4A19-ACA7-75350A82C074}.Release|Any CPU.ActiveCfg = Release|Any CPU
	EndGlobalSection
	GlobalSection(SolutionProperties) = preSolution
		HideSolutionNode = FALSE
	EndGlobalSection
	GlobalSection(ExtensibilityGlobals) = postSolution
		SolutionGuid = {1CCB8817-4D35-47A8-BFCC-B4DAB34150A9}
	EndGlobalSection
EndGlobal
