
Microsoft Visual Studio Solution File, Format Version 12.00
# Visual Studio Version 17
VisualStudioVersion = 17.5.33502.453
MinimumVisualStudioVersion = 10.0.40219.1
Project("{888888A0-9F3D-457C-B088-3A5042F75D52}") = "LinearCalculation", "LinearCalculation.pyproj", "{E92D43D8-2B24-4007-A576-F69D344E8CE4}"
EndProject
Global
	GlobalSection(SolutionConfigurationPlatforms) = preSolution
		Debug|Any CPU = Debug|Any CPU
		Release|Any CPU = Release|Any CPU
	EndGlobalSection
	GlobalSection(ProjectConfigurationPlatforms) = postSolution
		{E92D43D8-2B24-4007-A576-F69D344E8CE4}.Debug|Any CPU.ActiveCfg = Debug|Any CPU
		{E92D43D8-2B24-4007-A576-F69D344E8CE4}.Release|Any CPU.ActiveCfg = Release|Any CPU
	EndGlobalSection
	GlobalSection(SolutionProperties) = preSolution
		HideSolutionNode = FALSE
	EndGlobalSection
	GlobalSection(ExtensibilityGlobals) = postSolution
		SolutionGuid = {227E3D81-AF81-44B1-9148-192931DB54E6}
	EndGlobalSection
EndGlobal
