
Microsoft Visual Studio Solution File, Format Version 12.00
# Visual Studio Version 17
VisualStudioVersion = 17.5.33502.453
MinimumVisualStudioVersion = 10.0.40219.1
Project("{888888A0-9F3D-457C-B088-3A5042F75D52}") = "LoopProcess", "LoopProcess.pyproj", "{95803E43-3248-44F5-AF1A-31DC8B29DB97}"
EndProject
Global
	GlobalSection(SolutionConfigurationPlatforms) = preSolution
		Debug|Any CPU = Debug|Any CPU
		Release|Any CPU = Release|Any CPU
	EndGlobalSection
	GlobalSection(ProjectConfigurationPlatforms) = postSolution
		{95803E43-3248-44F5-AF1A-31DC8B29DB97}.Debug|Any CPU.ActiveCfg = Debug|Any CPU
		{95803E43-3248-44F5-AF1A-31DC8B29DB97}.Release|Any CPU.ActiveCfg = Release|Any CPU
	EndGlobalSection
	GlobalSection(SolutionProperties) = preSolution
		HideSolutionNode = FALSE
	EndGlobalSection
	GlobalSection(ExtensibilityGlobals) = postSolution
		SolutionGuid = {0C04312B-F7D5-4DB9-9F03-99B2547F5273}
	EndGlobalSection
EndGlobal
