
Microsoft Visual Studio Solution File, Format Version 12.00
# Visual Studio Version 17
VisualStudioVersion = 17.5.33502.453
MinimumVisualStudioVersion = 10.0.40219.1
Project("{888888A0-9F3D-457C-B088-3A5042F75D52}") = "BranchingCalculation", "BranchingCalculation.pyproj", "{9C061F52-B659-4855-BC2F-8871C9D6D24B}"
EndProject
Global
	GlobalSection(SolutionConfigurationPlatforms) = preSolution
		Debug|Any CPU = Debug|Any CPU
		Release|Any CPU = Release|Any CPU
	EndGlobalSection
	GlobalSection(ProjectConfigurationPlatforms) = postSolution
		{9C061F52-B659-4855-BC2F-8871C9D6D24B}.Debug|Any CPU.ActiveCfg = Debug|Any CPU
		{9C061F52-B659-4855-BC2F-8871C9D6D24B}.Release|Any CPU.ActiveCfg = Release|Any CPU
	EndGlobalSection
	GlobalSection(SolutionProperties) = preSolution
		HideSolutionNode = FALSE
	EndGlobalSection
	GlobalSection(ExtensibilityGlobals) = postSolution
		SolutionGuid = {C07C2157-8D8B-4FF0-950F-4AF816642E37}
	EndGlobalSection
EndGlobal
